
Microsoft Visual Studio Solution File, Format Version 12.00
# Visual Studio Version 16
VisualStudioVersion = 16.0.31613.86
MinimumVisualStudioVersion = 10.0.40219.1
Project("{9A19103F-16F7-4668-BE54-9A1E7A4F7556}") = "Lab1", "Lab1\Lab1.csproj", "{D4B1CAE5-691C-4E42-9810-B972EDE7BF0D}"
EndProject
Project("{FAE04EC0-301F-11D3-BF4B-00C04F79EFBC}") = "Lab1.Testsaaa", "Lab1.Testsaaa\Lab1.Testsaaa.csproj", "{8B1CD553-DB77-4B3B-8A94-883618D164B7}"
EndProject
Global
	GlobalSection(SolutionConfigurationPlatforms) = preSolution
		Debug|Any CPU = Debug|Any CPU
		Release|Any CPU = Release|Any CPU
	EndGlobalSection
	GlobalSection(ProjectConfigurationPlatforms) = postSolution
		{D4B1CAE5-691C-4E42-9810-B972EDE7BF0D}.Debug|Any CPU.ActiveCfg = Debug|Any CPU
		{D4B1CAE5-691C-4E42-9810-B972EDE7BF0D}.Debug|Any CPU.Build.0 = Debug|Any CPU
		{D4B1CAE5-691C-4E42-9810-B972EDE7BF0D}.Release|Any CPU.ActiveCfg = Release|Any CPU
		{D4B1CAE5-691C-4E42-9810-B972EDE7BF0D}.Release|Any CPU.Build.0 = Release|Any CPU
		{8B1CD553-DB77-4B3B-8A94-883618D164B7}.Debug|Any CPU.ActiveCfg = Debug|Any CPU
		{8B1CD553-DB77-4B3B-8A94-883618D164B7}.Debug|Any CPU.Build.0 = Debug|Any CPU
		{8B1CD553-DB77-4B3B-8A94-883618D164B7}.Release|Any CPU.ActiveCfg = Release|Any CPU
		{8B1CD553-DB77-4B3B-8A94-883618D164B7}.Release|Any CPU.Build.0 = Release|Any CPU
	EndGlobalSection
	GlobalSection(SolutionProperties) = preSolution
		HideSolutionNode = FALSE
	EndGlobalSection
	GlobalSection(ExtensibilityGlobals) = postSolution
		SolutionGuid = {03933006-38B7-4FBE-BAC7-467FBE87CFB1}
	EndGlobalSection
EndGlobal
